{
  "name": "whispermud-areas",
  "version": "1.0.0",
  "lockfileVersion": 2,
  "requires": true,
  "packages": {
    "": {
      "name": "whispermud-areas",
      "version": "1.0.0",
      "license": "MIT",
      "dependencies": {
        "rando-js": "^0.2.0",
        "whispermud-areas": "drunkenimpgamestudio/whispermud-areas"
      }
    },
    "node_modules/rando-js": {
      "version": "0.2.0",
      "resolved": "https://registry.npmjs.org/rando-js/-/rando-js-0.2.0.tgz",
      "integrity": "sha512-ma6MiyEDVEV0w9FYVQeshGkXkHcHqwPPLqrh32XnqtbQwXQ1TGUqs+bFlRLQ++JZ/KlyOuZ/CIqIXGP9CTvOyQ=="
    },
    "node_modules/whispermud-areas": {
      "name": "bundle-example-areas",
      "version": "1.0.0",
      "resolved": "git+ssh://git@github.com/drunkenimpgamestudio/whispermud-areas.git#cbf2b5e157b7b17e60a2b9747bd858c3a0f647ea",
      "license": "MIT",
      "dependencies": {
        "rando-js": "^0.2.0"
      }
    }
  },
  "dependencies": {
    "rando-js": {
      "version": "0.2.0",
      "resolved": "https://registry.npmjs.org/rando-js/-/rando-js-0.2.0.tgz",
      "integrity": "sha512-ma6MiyEDVEV0w9FYVQeshGkXkHcHqwPPLqrh32XnqtbQwXQ1TGUqs+bFlRLQ++JZ/KlyOuZ/CIqIXGP9CTvOyQ=="
    },
    "whispermud-areas": {
      "version": "git+ssh://git@github.com/drunkenimpgamestudio/whispermud-areas.git#cbf2b5e157b7b17e60a2b9747bd858c3a0f647ea",
      "from": "whispermud-areas@drunkenimpgamestudio/whispermud-areas",
      "requires": {
        "rando-js": "^0.2.0"
      }
    }
  }
}
